
Microsoft Visual Studio Solution File, Format Version 12.00
# Visual Studio 14
VisualStudioVersion = 14.0.25123.0
MinimumVisualStudioVersion = 10.0.40219.1
Project("{FAE04EC0-301F-11D3-BF4B-00C04F79EFBC}") = "SocialNetwork.Models", "SocialNetwork.Models\SocialNetwork.Models.csproj", "{3C1C0379-9DFC-4448-9001-6937A2396180}"
EndProject
Project("{FAE04EC0-301F-11D3-BF4B-00C04F79EFBC}") = "SocialNetwork.Data", "SocialNetwork.Data\SocialNetwork.Data.csproj", "{29A6A9BE-C9D4-4AF2-8E4C-E09EFB91F18A}"
EndProject
Project("{FAE04EC0-301F-11D3-BF4B-00C04F79EFBC}") = "SocialNetweork.WepServeses", "SocialNetweork.WepServeses\SocialNetweork.WepServeses.csproj", "{2363BA7A-EE4D-4924-B5BE-6A7E964124F5}"
EndProject
Global
	GlobalSection(SolutionConfigurationPlatforms) = preSolution
		Debug|Any CPU = Debug|Any CPU
		Release|Any CPU = Release|Any CPU
	EndGlobalSection
	GlobalSection(ProjectConfigurationPlatforms) = postSolution
		{3C1C0379-9DFC-4448-9001-6937A2396180}.Debug|Any CPU.ActiveCfg = Debug|Any CPU
		{3C1C0379-9DFC-4448-9001-6937A2396180}.Debug|Any CPU.Build.0 = Debug|Any CPU
		{3C1C0379-9DFC-4448-9001-6937A2396180}.Release|Any CPU.ActiveCfg = Release|Any CPU
		{3C1C0379-9DFC-4448-9001-6937A2396180}.Release|Any CPU.Build.0 = Release|Any CPU
		{29A6A9BE-C9D4-4AF2-8E4C-E09EFB91F18A}.Debug|Any CPU.ActiveCfg = Debug|Any CPU
		{29A6A9BE-C9D4-4AF2-8E4C-E09EFB91F18A}.Debug|Any CPU.Build.0 = Debug|Any CPU
		{29A6A9BE-C9D4-4AF2-8E4C-E09EFB91F18A}.Release|Any CPU.ActiveCfg = Release|Any CPU
		{29A6A9BE-C9D4-4AF2-8E4C-E09EFB91F18A}.Release|Any CPU.Build.0 = Release|Any CPU
		{2363BA7A-EE4D-4924-B5BE-6A7E964124F5}.Debug|Any CPU.ActiveCfg = Debug|Any CPU
		{2363BA7A-EE4D-4924-B5BE-6A7E964124F5}.Debug|Any CPU.Build.0 = Debug|Any CPU
		{2363BA7A-EE4D-4924-B5BE-6A7E964124F5}.Release|Any CPU.ActiveCfg = Release|Any CPU
		{2363BA7A-EE4D-4924-B5BE-6A7E964124F5}.Release|Any CPU.Build.0 = Release|Any CPU
	EndGlobalSection
	GlobalSection(SolutionProperties) = preSolution
		HideSolutionNode = FALSE
	EndGlobalSection
EndGlobal
